
Microsoft Visual Studio Solution File, Format Version 12.00
# Visual Studio 15
VisualStudioVersion = 15.0.27703.2026
MinimumVisualStudioVersion = 10.0.40219.1
Project("{FAE04EC0-301F-11D3-BF4B-00C04F79EFBC}") = "netwix.Android", "netwix\netwix.Android\netwix.Android.csproj", "{D277E916-6012-4068-A6FB-A09A322D7A95}"
EndProject
Project("{FAE04EC0-301F-11D3-BF4B-00C04F79EFBC}") = "netwix.iOS", "netwix\netwix.iOS\netwix.iOS.csproj", "{51DBFF5B-A141-44B0-90D5-8040A820884C}"
EndProject
Project("{FAE04EC0-301F-11D3-BF4B-00C04F79EFBC}") = "netwix", "netwix\netwix\netwix.csproj", "{CF3D23B5-A3E3-4084-80F1-6911FD9E9402}"
EndProject
Global
	GlobalSection(SolutionConfigurationPlatforms) = preSolution
		Ad-Hoc|Any CPU = Ad-Hoc|Any CPU
		Ad-Hoc|iPhone = Ad-Hoc|iPhone
		Ad-Hoc|iPhoneSimulator = Ad-Hoc|iPhoneSimulator
		AppStore|Any CPU = AppStore|Any CPU
		AppStore|iPhone = AppStore|iPhone
		AppStore|iPhoneSimulator = AppStore|iPhoneSimulator
		Debug|Any CPU = Debug|Any CPU
		Debug|iPhone = Debug|iPhone
		Debug|iPhoneSimulator = Debug|iPhoneSimulator
		Release|Any CPU = Release|Any CPU
		Release|iPhone = Release|iPhone
		Release|iPhoneSimulator = Release|iPhoneSimulator
	EndGlobalSection
	GlobalSection(ProjectConfigurationPlatforms) = postSolution
		{D277E916-6012-4068-A6FB-A09A322D7A95}.Ad-Hoc|Any CPU.ActiveCfg = Release|Any CPU
		{D277E916-6012-4068-A6FB-A09A322D7A95}.Ad-Hoc|Any CPU.Build.0 = Release|Any CPU
		{D277E916-6012-4068-A6FB-A09A322D7A95}.Ad-Hoc|Any CPU.Deploy.0 = Release|Any CPU
		{D277E916-6012-4068-A6FB-A09A322D7A95}.Ad-Hoc|iPhone.ActiveCfg = Release|Any CPU
		{D277E916-6012-4068-A6FB-A09A322D7A95}.Ad-Hoc|iPhone.Build.0 = Release|Any CPU
		{D277E916-6012-4068-A6FB-A09A322D7A95}.Ad-Hoc|iPhone.Deploy.0 = Release|Any CPU
		{D277E916-6012-4068-A6FB-A09A322D7A95}.Ad-Hoc|iPhoneSimulator.ActiveCfg = Release|Any CPU
		{D277E916-6012-4068-A6FB-A09A322D7A95}.Ad-Hoc|iPhoneSimulator.Build.0 = Release|Any CPU
		{D277E916-6012-4068-A6FB-A09A322D7A95}.Ad-Hoc|iPhoneSimulator.Deploy.0 = Release|Any CPU
		{D277E916-6012-4068-A6FB-A09A322D7A95}.AppStore|Any CPU.ActiveCfg = Release|Any CPU
		{D277E916-6012-4068-A6FB-A09A322D7A95}.AppStore|Any CPU.Build.0 = Release|Any CPU
		{D277E916-6012-4068-A6FB-A09A322D7A95}.AppStore|Any CPU.Deploy.0 = Release|Any CPU
		{D277E916-6012-4068-A6FB-A09A322D7A95}.AppStore|iPhone.ActiveCfg = Release|Any CPU
		{D277E916-6012-4068-A6FB-A09A322D7A95}.AppStore|iPhone.Build.0 = Release|Any CPU
		{D277E916-6012-4068-A6FB-A09A322D7A95}.AppStore|iPhone.Deploy.0 = Release|Any CPU
		{D277E916-6012-4068-A6FB-A09A322D7A95}.AppStore|iPhoneSimulator.ActiveCfg = Release|Any CPU
		{D277E916-6012-4068-A6FB-A09A322D7A95}.AppStore|iPhoneSimulator.Build.0 = Release|Any CPU
		{D277E916-6012-4068-A6FB-A09A322D7A95}.AppStore|iPhoneSimulator.Deploy.0 = Release|Any CPU
		{D277E916-6012-4068-A6FB-A09A322D7A95}.Debug|Any CPU.ActiveCfg = Debug|Any CPU
		{D277E916-6012-4068-A6FB-A09A322D7A95}.Debug|Any CPU.Build.0 = Debug|Any CPU
		{D277E916-6012-4068-A6FB-A09A322D7A95}.Debug|Any CPU.Deploy.0 = Debug|Any CPU
		{D277E916-6012-4068-A6FB-A09A322D7A95}.Debug|iPhone.ActiveCfg = Debug|Any CPU
		{D277E916-6012-4068-A6FB-A09A322D7A95}.Debug|iPhone.Build.0 = Debug|Any CPU
		{D277E916-6012-4068-A6FB-A09A322D7A95}.Debug|iPhone.Deploy.0 = Debug|Any CPU
		{D277E916-6012-4068-A6FB-A09A322D7A95}.Debug|iPhoneSimulator.ActiveCfg = Debug|Any CPU
		{D277E916-6012-4068-A6FB-A09A322D7A95}.Debug|iPhoneSimulator.Build.0 = Debug|Any CPU
		{D277E916-6012-4068-A6FB-A09A322D7A95}.Debug|iPhoneSimulator.Deploy.0 = Debug|Any CPU
		{D277E916-6012-4068-A6FB-A09A322D7A95}.Release|Any CPU.ActiveCfg = Release|Any CPU
		{D277E916-6012-4068-A6FB-A09A322D7A95}.Release|Any CPU.Build.0 = Release|Any CPU
		{D277E916-6012-4068-A6FB-A09A322D7A95}.Release|Any CPU.Deploy.0 = Release|Any CPU
		{D277E916-6012-4068-A6FB-A09A322D7A95}.Release|iPhone.ActiveCfg = Release|Any CPU
		{D277E916-6012-4068-A6FB-A09A322D7A95}.Release|iPhone.Build.0 = Release|Any CPU
		{D277E916-6012-4068-A6FB-A09A322D7A95}.Release|iPhone.Deploy.0 = Release|Any CPU
		{D277E916-6012-4068-A6FB-A09A322D7A95}.Release|iPhoneSimulator.ActiveCfg = Release|Any CPU
		{D277E916-6012-4068-A6FB-A09A322D7A95}.Release|iPhoneSimulator.Build.0 = Release|Any CPU
		{D277E916-6012-4068-A6FB-A09A322D7A95}.Release|iPhoneSimulator.Deploy.0 = Release|Any CPU
		{51DBFF5B-A141-44B0-90D5-8040A820884C}.Ad-Hoc|Any CPU.ActiveCfg = Ad-Hoc|iPhone
		{51DBFF5B-A141-44B0-90D5-8040A820884C}.Ad-Hoc|Any CPU.Build.0 = Ad-Hoc|iPhone
		{51DBFF5B-A141-44B0-90D5-8040A820884C}.Ad-Hoc|Any CPU.Deploy.0 = Ad-Hoc|iPhone
		{51DBFF5B-A141-44B0-90D5-8040A820884C}.Ad-Hoc|iPhone.ActiveCfg = Ad-Hoc|iPhone
		{51DBFF5B-A141-44B0-90D5-8040A820884C}.Ad-Hoc|iPhone.Build.0 = Ad-Hoc|iPhone
		{51DBFF5B-A141-44B0-90D5-8040A820884C}.Ad-Hoc|iPhone.Deploy.0 = Ad-Hoc|iPhone
		{51DBFF5B-A141-44B0-90D5-8040A820884C}.Ad-Hoc|iPhoneSimulator.ActiveCfg = Ad-Hoc|iPhoneSimulator
		{51DBFF5B-A141-44B0-90D5-8040A820884C}.Ad-Hoc|iPhoneSimulator.Build.0 = Ad-Hoc|iPhoneSimulator
		{51DBFF5B-A141-44B0-90D5-8040A820884C}.Ad-Hoc|iPhoneSimulator.Deploy.0 = Ad-Hoc|iPhoneSimulator
		{51DBFF5B-A141-44B0-90D5-8040A820884C}.AppStore|Any CPU.ActiveCfg = AppStore|iPhone
		{51DBFF5B-A141-44B0-90D5-8040A820884C}.AppStore|Any CPU.Build.0 = AppStore|iPhone
		{51DBFF5B-A141-44B0-90D5-8040A820884C}.AppStore|Any CPU.Deploy.0 = AppStore|iPhone
		{51DBFF5B-A141-44B0-90D5-8040A820884C}.AppStore|iPhone.ActiveCfg = AppStore|iPhone
		{51DBFF5B-A141-44B0-90D5-8040A820884C}.AppStore|iPhone.Build.0 = AppStore|iPhone
		{51DBFF5B-A141-44B0-90D5-8040A820884C}.AppStore|iPhone.Deploy.0 = AppStore|iPhone
		{51DBFF5B-A141-44B0-90D5-8040A820884C}.AppStore|iPhoneSimulator.ActiveCfg = AppStore|iPhoneSimulator
		{51DBFF5B-A141-44B0-90D5-8040A820884C}.AppStore|iPhoneSimulator.Build.0 = AppStore|iPhoneSimulator
		{51DBFF5B-A141-44B0-90D5-8040A820884C}.AppStore|iPhoneSimulator.Deploy.0 = AppStore|iPhoneSimulator
		{51DBFF5B-A141-44B0-90D5-8040A820884C}.Debug|Any CPU.ActiveCfg = Debug|iPhoneSimulator
		{51DBFF5B-A141-44B0-90D5-8040A820884C}.Debug|Any CPU.Build.0 = Debug|iPhoneSimulator
		{51DBFF5B-A141-44B0-90D5-8040A820884C}.Debug|Any CPU.Deploy.0 = Debug|iPhoneSimulator
		{51DBFF5B-A141-44B0-90D5-8040A820884C}.Debug|iPhone.ActiveCfg = Debug|iPhone
		{51DBFF5B-A141-44B0-90D5-8040A820884C}.Debug|iPhone.Build.0 = Debug|iPhone
		{51DBFF5B-A141-44B0-90D5-8040A820884C}.Debug|iPhone.Deploy.0 = Debug|iPhone
		{51DBFF5B-A141-44B0-90D5-8040A820884C}.Debug|iPhoneSimulator.ActiveCfg = Debug|iPhoneSimulator
		{51DBFF5B-A141-44B0-90D5-8040A820884C}.Debug|iPhoneSimulator.Build.0 = Debug|iPhoneSimulator
		{51DBFF5B-A141-44B0-90D5-8040A820884C}.Debug|iPhoneSimulator.Deploy.0 = Debug|iPhoneSimulator
		{51DBFF5B-A141-44B0-90D5-8040A820884C}.Release|Any CPU.ActiveCfg = Release|iPhone
		{51DBFF5B-A141-44B0-90D5-8040A820884C}.Release|Any CPU.Build.0 = Release|iPhone
		{51DBFF5B-A141-44B0-90D5-8040A820884C}.Release|Any CPU.Deploy.0 = Release|iPhone
		{51DBFF5B-A141-44B0-90D5-8040A820884C}.Release|iPhone.ActiveCfg = Release|iPhone
		{51DBFF5B-A141-44B0-90D5-8040A820884C}.Release|iPhone.Build.0 = Release|iPhone
		{51DBFF5B-A141-44B0-90D5-8040A820884C}.Release|iPhone.Deploy.0 = Release|iPhone
		{51DBFF5B-A141-44B0-90D5-8040A820884C}.Release|iPhoneSimulator.ActiveCfg = Release|iPhoneSimulator
		{51DBFF5B-A141-44B0-90D5-8040A820884C}.Release|iPhoneSimulator.Build.0 = Release|iPhoneSimulator
		{51DBFF5B-A141-44B0-90D5-8040A820884C}.Release|iPhoneSimulator.Deploy.0 = Release|iPhoneSimulator
		{CF3D23B5-A3E3-4084-80F1-6911FD9E9402}.Ad-Hoc|Any CPU.ActiveCfg = Debug|Any CPU
		{CF3D23B5-A3E3-4084-80F1-6911FD9E9402}.Ad-Hoc|Any CPU.Build.0 = Debug|Any CPU
		{CF3D23B5-A3E3-4084-80F1-6911FD9E9402}.Ad-Hoc|Any CPU.Deploy.0 = Debug|Any CPU
		{CF3D23B5-A3E3-4084-80F1-6911FD9E9402}.Ad-Hoc|iPhone.ActiveCfg = Debug|Any CPU
		{CF3D23B5-A3E3-4084-80F1-6911FD9E9402}.Ad-Hoc|iPhone.Build.0 = Debug|Any CPU
		{CF3D23B5-A3E3-4084-80F1-6911FD9E9402}.Ad-Hoc|iPhone.Deploy.0 = Debug|Any CPU
		{CF3D23B5-A3E3-4084-80F1-6911FD9E9402}.Ad-Hoc|iPhoneSimulator.ActiveCfg = Debug|Any CPU
		{CF3D23B5-A3E3-4084-80F1-6911FD9E9402}.Ad-Hoc|iPhoneSimulator.Build.0 = Debug|Any CPU
		{CF3D23B5-A3E3-4084-80F1-6911FD9E9402}.Ad-Hoc|iPhoneSimulator.Deploy.0 = Debug|Any CPU
		{CF3D23B5-A3E3-4084-80F1-6911FD9E9402}.AppStore|Any CPU.ActiveCfg = Debug|Any CPU
		{CF3D23B5-A3E3-4084-80F1-6911FD9E9402}.AppStore|Any CPU.Build.0 = Debug|Any CPU
		{CF3D23B5-A3E3-4084-80F1-6911FD9E9402}.AppStore|Any CPU.Deploy.0 = Debug|Any CPU
		{CF3D23B5-A3E3-4084-80F1-6911FD9E9402}.AppStore|iPhone.ActiveCfg = Debug|Any CPU
		{CF3D23B5-A3E3-4084-80F1-6911FD9E9402}.AppStore|iPhone.Build.0 = Debug|Any CPU
		{CF3D23B5-A3E3-4084-80F1-6911FD9E9402}.AppStore|iPhone.Deploy.0 = Debug|Any CPU
		{CF3D23B5-A3E3-4084-80F1-6911FD9E9402}.AppStore|iPhoneSimulator.ActiveCfg = Debug|Any CPU
		{CF3D23B5-A3E3-4084-80F1-6911FD9E9402}.AppStore|iPhoneSimulator.Build.0 = Debug|Any CPU
		{CF3D23B5-A3E3-4084-80F1-6911FD9E9402}.AppStore|iPhoneSimulator.Deploy.0 = Debug|Any CPU
		{CF3D23B5-A3E3-4084-80F1-6911FD9E9402}.Debug|Any CPU.ActiveCfg = Debug|Any CPU
		{CF3D23B5-A3E3-4084-80F1-6911FD9E9402}.Debug|Any CPU.Build.0 = Debug|Any CPU
		{CF3D23B5-A3E3-4084-80F1-6911FD9E9402}.Debug|Any CPU.Deploy.0 = Debug|Any CPU
		{CF3D23B5-A3E3-4084-80F1-6911FD9E9402}.Debug|iPhone.ActiveCfg = Debug|Any CPU
		{CF3D23B5-A3E3-4084-80F1-6911FD9E9402}.Debug|iPhone.Build.0 = Debug|Any CPU
		{CF3D23B5-A3E3-4084-80F1-6911FD9E9402}.Debug|iPhone.Deploy.0 = Debug|Any CPU
		{CF3D23B5-A3E3-4084-80F1-6911FD9E9402}.Debug|iPhoneSimulator.ActiveCfg = Debug|Any CPU
		{CF3D23B5-A3E3-4084-80F1-6911FD9E9402}.Debug|iPhoneSimulator.Build.0 = Debug|Any CPU
		{CF3D23B5-A3E3-4084-80F1-6911FD9E9402}.Debug|iPhoneSimulator.Deploy.0 = Debug|Any CPU
		{CF3D23B5-A3E3-4084-80F1-6911FD9E9402}.Release|Any CPU.ActiveCfg = Release|Any CPU
		{CF3D23B5-A3E3-4084-80F1-6911FD9E9402}.Release|Any CPU.Build.0 = Release|Any CPU
		{CF3D23B5-A3E3-4084-80F1-6911FD9E9402}.Release|Any CPU.Deploy.0 = Release|Any CPU
		{CF3D23B5-A3E3-4084-80F1-6911FD9E9402}.Release|iPhone.ActiveCfg = Release|Any CPU
		{CF3D23B5-A3E3-4084-80F1-6911FD9E9402}.Release|iPhone.Build.0 = Release|Any CPU
		{CF3D23B5-A3E3-4084-80F1-6911FD9E9402}.Release|iPhone.Deploy.0 = Release|Any CPU
		{CF3D23B5-A3E3-4084-80F1-6911FD9E9402}.Release|iPhoneSimulator.ActiveCfg = Release|Any CPU
		{CF3D23B5-A3E3-4084-80F1-6911FD9E9402}.Release|iPhoneSimulator.Build.0 = Release|Any CPU
		{CF3D23B5-A3E3-4084-80F1-6911FD9E9402}.Release|iPhoneSimulator.Deploy.0 = Release|Any CPU
	EndGlobalSection
	GlobalSection(SolutionProperties) = preSolution
		HideSolutionNode = FALSE
	EndGlobalSection
	GlobalSection(ExtensibilityGlobals) = postSolution
		SolutionGuid = {02201C85-315C-4D2F-A9DE-851872221337}
	EndGlobalSection
EndGlobal
